
Microsoft Visual Studio Solution File, Format Version 12.00
# Visual Studio Version 17
VisualStudioVersion = 17.4.33122.133
MinimumVisualStudioVersion = 10.0.40219.1
Project("{9A19103F-16F7-4668-BE54-9A1E7A4F7556}") = "ApontamentoServico", "ApontamentoServico\ApontamentoServico.csproj", "{F6113193-6491-4BC8-8319-CFDBEA047AC9}"
EndProject
Project("{9A19103F-16F7-4668-BE54-9A1E7A4F7556}") = "ApontamentoServicoTest", "ApontamentoServicoTest\ApontamentoServicoTest.csproj", "{AD9A11F7-AA6D-4015-8794-1D46A2EA5F1C}"
EndProject
Global
	GlobalSection(SolutionConfigurationPlatforms) = preSolution
		Debug|Any CPU = Debug|Any CPU
		Release|Any CPU = Release|Any CPU
	EndGlobalSection
	GlobalSection(ProjectConfigurationPlatforms) = postSolution
		{F6113193-6491-4BC8-8319-CFDBEA047AC9}.Debug|Any CPU.ActiveCfg = Debug|Any CPU
		{F6113193-6491-4BC8-8319-CFDBEA047AC9}.Debug|Any CPU.Build.0 = Debug|Any CPU
		{F6113193-6491-4BC8-8319-CFDBEA047AC9}.Release|Any CPU.ActiveCfg = Release|Any CPU
		{F6113193-6491-4BC8-8319-CFDBEA047AC9}.Release|Any CPU.Build.0 = Release|Any CPU
		{AD9A11F7-AA6D-4015-8794-1D46A2EA5F1C}.Debug|Any CPU.ActiveCfg = Debug|Any CPU
		{AD9A11F7-AA6D-4015-8794-1D46A2EA5F1C}.Debug|Any CPU.Build.0 = Debug|Any CPU
		{AD9A11F7-AA6D-4015-8794-1D46A2EA5F1C}.Release|Any CPU.ActiveCfg = Release|Any CPU
		{AD9A11F7-AA6D-4015-8794-1D46A2EA5F1C}.Release|Any CPU.Build.0 = Release|Any CPU
	EndGlobalSection
	GlobalSection(SolutionProperties) = preSolution
		HideSolutionNode = FALSE
	EndGlobalSection
	GlobalSection(ExtensibilityGlobals) = postSolution
		SolutionGuid = {BD64DF4A-2B5E-4CB6-89EB-500FD4E32230}
	EndGlobalSection
EndGlobal
